{
    "name": "jezvejs-demo",
    "version": "1.0.0",
    "lockfileVersion": 2,
    "requires": true,
    "packages": {
        "": {
            "name": "jezvejs-demo",
            "version": "1.0.0",
            "license": "ISC",
            "dependencies": {
                "jezvejs": "^1.44.6"
            }
        },
        "node_modules/@babel/runtime": {
            "version": "7.19.4",
            "resolved": "https://registry.npmjs.org/@babel/runtime/-/runtime-7.19.4.tgz",
            "integrity": "sha512-EXpLCrk55f+cYqmHsSR+yD/0gAIMxxA9QK9lnQWzhMCvt+YmoBN7Zx94s++Kv0+unHk39vxNO8t+CMA2WSS3wA==",
            "dependencies": {
                "regenerator-runtime": "^0.13.4"
            },
            "engines": {
                "node": ">=6.9.0"
            }
        },
        "node_modules/core-js": {
            "version": "3.26.0",
            "resolved": "https://registry.npmjs.org/core-js/-/core-js-3.26.0.tgz",
            "integrity": "sha512-+DkDrhoR4Y0PxDz6rurahuB+I45OsEUv8E1maPTB6OuHRohMMcznBq9TMpdpDMm/hUPob/mJJS3PqgbHpMTQgw==",
            "hasInstallScript": true,
            "funding": {
                "type": "opencollective",
                "url": "https://opencollective.com/core-js"
            }
        },
        "node_modules/jezvejs": {
            "version": "1.44.6",
            "resolved": "https://registry.npmjs.org/jezvejs/-/jezvejs-1.44.6.tgz",
            "integrity": "sha512-hWQHjKeij7Fo2agCbt418aBg1XeggwR+7Gn6EVXGRqU+W7AYv3LNdb/MtJWuZkV4mvkz3z9Dl9kBukziJTeyaQ==",
            "dependencies": {
                "@babel/runtime": "^7.11.2",
                "core-js": "^3.6.5",
                "whatwg-fetch": "^3.4.0"
            }
        },
        "node_modules/regenerator-runtime": {
            "version": "0.13.10",
            "resolved": "https://registry.npmjs.org/regenerator-runtime/-/regenerator-runtime-0.13.10.tgz",
            "integrity": "sha512-KepLsg4dU12hryUO7bp/axHAKvwGOCV0sGloQtpagJ12ai+ojVDqkeGSiRX1zlq+kjIMZ1t7gpze+26QqtdGqw=="
        },
        "node_modules/whatwg-fetch": {
            "version": "3.6.2",
            "resolved": "https://registry.npmjs.org/whatwg-fetch/-/whatwg-fetch-3.6.2.tgz",
            "integrity": "sha512-bJlen0FcuU/0EMLrdbJ7zOnW6ITZLrZMIarMUVmdKtsGvZna8vxKYaexICWPfZ8qwf9fzNq+UEIZrnSaApt6RA=="
        }
    },
    "dependencies": {
        "@babel/runtime": {
            "version": "7.19.4",
            "resolved": "https://registry.npmjs.org/@babel/runtime/-/runtime-7.19.4.tgz",
            "integrity": "sha512-EXpLCrk55f+cYqmHsSR+yD/0gAIMxxA9QK9lnQWzhMCvt+YmoBN7Zx94s++Kv0+unHk39vxNO8t+CMA2WSS3wA==",
            "requires": {
                "regenerator-runtime": "^0.13.4"
            }
        },
        "core-js": {
            "version": "3.26.0",
            "resolved": "https://registry.npmjs.org/core-js/-/core-js-3.26.0.tgz",
            "integrity": "sha512-+DkDrhoR4Y0PxDz6rurahuB+I45OsEUv8E1maPTB6OuHRohMMcznBq9TMpdpDMm/hUPob/mJJS3PqgbHpMTQgw=="
        },
        "jezvejs": {
            "version": "1.44.6",
            "resolved": "https://registry.npmjs.org/jezvejs/-/jezvejs-1.44.6.tgz",
            "integrity": "sha512-hWQHjKeij7Fo2agCbt418aBg1XeggwR+7Gn6EVXGRqU+W7AYv3LNdb/MtJWuZkV4mvkz3z9Dl9kBukziJTeyaQ==",
            "requires": {
                "@babel/runtime": "^7.11.2",
                "core-js": "^3.6.5",
                "whatwg-fetch": "^3.4.0"
            }
        },
        "regenerator-runtime": {
            "version": "0.13.10",
            "resolved": "https://registry.npmjs.org/regenerator-runtime/-/regenerator-runtime-0.13.10.tgz",
            "integrity": "sha512-KepLsg4dU12hryUO7bp/axHAKvwGOCV0sGloQtpagJ12ai+ojVDqkeGSiRX1zlq+kjIMZ1t7gpze+26QqtdGqw=="
        },
        "whatwg-fetch": {
            "version": "3.6.2",
            "resolved": "https://registry.npmjs.org/whatwg-fetch/-/whatwg-fetch-3.6.2.tgz",
            "integrity": "sha512-bJlen0FcuU/0EMLrdbJ7zOnW6ITZLrZMIarMUVmdKtsGvZna8vxKYaexICWPfZ8qwf9fzNq+UEIZrnSaApt6RA=="
        }
    }
}
